
Microsoft Visual Studio Solution File, Format Version 12.00
# Visual Studio Version 16
VisualStudioVersion = 16.0.30114.105
MinimumVisualStudioVersion = 10.0.40219.1
Project("{FAE04EC0-301F-11D3-BF4B-00C04F79EFBC}") = "Server", "Server\Server.csproj", "{40227E04-DCB1-4089-8B8C-2A6AE47E59CF}"
EndProject
Project("{FAE04EC0-301F-11D3-BF4B-00C04F79EFBC}") = "ServerTest", "ServerTest\ServerTest.csproj", "{43CD1E76-FA08-485D-8754-7A6CDDE698DF}"
EndProject
Global
	GlobalSection(SolutionConfigurationPlatforms) = preSolution
		Debug|Any CPU = Debug|Any CPU
		Release|Any CPU = Release|Any CPU
	EndGlobalSection
	GlobalSection(SolutionProperties) = preSolution
		HideSolutionNode = FALSE
	EndGlobalSection
	GlobalSection(ProjectConfigurationPlatforms) = postSolution
		{40227E04-DCB1-4089-8B8C-2A6AE47E59CF}.Debug|Any CPU.ActiveCfg = Debug|Any CPU
		{40227E04-DCB1-4089-8B8C-2A6AE47E59CF}.Debug|Any CPU.Build.0 = Debug|Any CPU
		{40227E04-DCB1-4089-8B8C-2A6AE47E59CF}.Release|Any CPU.ActiveCfg = Release|Any CPU
		{40227E04-DCB1-4089-8B8C-2A6AE47E59CF}.Release|Any CPU.Build.0 = Release|Any CPU
		{43CD1E76-FA08-485D-8754-7A6CDDE698DF}.Debug|Any CPU.ActiveCfg = Debug|Any CPU
		{43CD1E76-FA08-485D-8754-7A6CDDE698DF}.Debug|Any CPU.Build.0 = Debug|Any CPU
		{43CD1E76-FA08-485D-8754-7A6CDDE698DF}.Release|Any CPU.ActiveCfg = Release|Any CPU
		{43CD1E76-FA08-485D-8754-7A6CDDE698DF}.Release|Any CPU.Build.0 = Release|Any CPU
	EndGlobalSection
EndGlobal
